
Microsoft Visual Studio Solution File, Format Version 12.00
# Visual Studio Version 17
VisualStudioVersion = 17.5.33530.505
MinimumVisualStudioVersion = 10.0.40219.1
Project("{2150E333-8FDC-42A3-9474-1A3956D46DE8}") = "10 Domain", "10 Domain", "{45853BBC-857A-4922-83D5-667A91D6DE63}"
EndProject
Project("{2150E333-8FDC-42A3-9474-1A3956D46DE8}") = "30 Shared", "30 Shared", "{22D1C51B-1587-4FDD-9AEE-33798F71FDE0}"
EndProject
Project("{2150E333-8FDC-42A3-9474-1A3956D46DE8}") = "40 ReadModel", "40 ReadModel", "{174A6D70-13D8-42DF-AB61-78BBBDE80FFA}"
EndProject
Project("{2150E333-8FDC-42A3-9474-1A3956D46DE8}") = "50 ApplicationService", "50 ApplicationService", "{3A8F1D63-D2A2-4B2B-A329-EF37663F1FE4}"
EndProject
Project("{2150E333-8FDC-42A3-9474-1A3956D46DE8}") = "90 Presentation", "90 Presentation", "{AFEEC869-08B8-45C0-8577-691119C8D836}"
EndProject
Project("{9A19103F-16F7-4668-BE54-9A1E7A4F7556}") = "Brewup.Warehouse.Domain", "Brewup.Warehouse.Domain\Brewup.Warehouse.Domain.csproj", "{F4D565F3-A95E-4DBE-889F-80A8C1AF7FD0}"
EndProject
Project("{2150E333-8FDC-42A3-9474-1A3956D46DE8}") = "Tests", "Tests", "{60C02DCB-A83B-4217-B98A-B9BDB22BDBB2}"
EndProject
Project("{9A19103F-16F7-4668-BE54-9A1E7A4F7556}") = "Brewup.Warehouse.Domain.Tests", "Brewup.Warehouse.Domain.Tests\Brewup.Warehouse.Domain.Tests.csproj", "{E0257A96-6005-4EF4-9815-6889EE0EF03B}"
EndProject
Project("{9A19103F-16F7-4668-BE54-9A1E7A4F7556}") = "Brewup.Warehouse.Shared", "Brewup.Warehouse.Shared\Brewup.Warehouse.Shared.csproj", "{E6AFABA2-0782-4C4A-9EDC-C8845C73CE07}"
EndProject
Project("{9A19103F-16F7-4668-BE54-9A1E7A4F7556}") = "Brewup.Warehouse.ReadModel", "Brewup.Warehouse.ReadModel\Brewup.Warehouse.ReadModel.csproj", "{62684D2F-9427-4B8E-977A-BFABA3FD8FDC}"
EndProject
Project("{9A19103F-16F7-4668-BE54-9A1E7A4F7556}") = "BrewUp.Warehouse", "BrewUp.Warehouse\BrewUp.Warehouse.csproj", "{677DF9F1-5200-44F4-9A7D-B85E0EAF703F}"
EndProject
Project("{2150E333-8FDC-42A3-9474-1A3956D46DE8}") = "20 Infrastructure", "20 Infrastructure", "{CF19C9C3-5D3B-4AE8-A61C-CD0D8BA245C6}"
EndProject
Project("{9A19103F-16F7-4668-BE54-9A1E7A4F7556}") = "Brewup.Warehouse.ReadModel.MongoDb", "Brewup.Warehouse.ReadModel.MongoDb\Brewup.Warehouse.ReadModel.MongoDb.csproj", "{9BAC5892-4A46-44D2-BA9C-0551EF1995F8}"
EndProject
Project("{2150E333-8FDC-42A3-9474-1A3956D46DE8}") = "MongoDb", "MongoDb", "{56D4FB07-CCA4-4636-8781-8FCBBED63656}"
EndProject
Project("{2150E333-8FDC-42A3-9474-1A3956D46DE8}") = "Muflone", "Muflone", "{5306838F-41CF-4B93-900E-1FB8ACDAC5D8}"
EndProject
Project("{9A19103F-16F7-4668-BE54-9A1E7A4F7556}") = "Brewup.Warehouse.Muflone", "Brewup.Warehouse.Muflone\Brewup.Warehouse.Muflone.csproj", "{4CE9BBF4-974E-4162-A1EC-C6FA4667C0F0}"
EndProject
Project("{9A19103F-16F7-4668-BE54-9A1E7A4F7556}") = "Brewup.Warehouse.ApplicationService", "Brewup.Warehouse.ApplicationService\Brewup.Warehouse.ApplicationService.csproj", "{719B6932-9E1F-44A6-938E-CDC36BF5495F}"
EndProject
Global
	GlobalSection(SolutionConfigurationPlatforms) = preSolution
		Debug|Any CPU = Debug|Any CPU
		Release|Any CPU = Release|Any CPU
	EndGlobalSection
	GlobalSection(ProjectConfigurationPlatforms) = postSolution
		{F4D565F3-A95E-4DBE-889F-80A8C1AF7FD0}.Debug|Any CPU.ActiveCfg = Debug|Any CPU
		{F4D565F3-A95E-4DBE-889F-80A8C1AF7FD0}.Debug|Any CPU.Build.0 = Debug|Any CPU
		{F4D565F3-A95E-4DBE-889F-80A8C1AF7FD0}.Release|Any CPU.ActiveCfg = Release|Any CPU
		{F4D565F3-A95E-4DBE-889F-80A8C1AF7FD0}.Release|Any CPU.Build.0 = Release|Any CPU
		{E0257A96-6005-4EF4-9815-6889EE0EF03B}.Debug|Any CPU.ActiveCfg = Debug|Any CPU
		{E0257A96-6005-4EF4-9815-6889EE0EF03B}.Debug|Any CPU.Build.0 = Debug|Any CPU
		{E0257A96-6005-4EF4-9815-6889EE0EF03B}.Release|Any CPU.ActiveCfg = Release|Any CPU
		{E0257A96-6005-4EF4-9815-6889EE0EF03B}.Release|Any CPU.Build.0 = Release|Any CPU
		{E6AFABA2-0782-4C4A-9EDC-C8845C73CE07}.Debug|Any CPU.ActiveCfg = Debug|Any CPU
		{E6AFABA2-0782-4C4A-9EDC-C8845C73CE07}.Debug|Any CPU.Build.0 = Debug|Any CPU
		{E6AFABA2-0782-4C4A-9EDC-C8845C73CE07}.Release|Any CPU.ActiveCfg = Release|Any CPU
		{E6AFABA2-0782-4C4A-9EDC-C8845C73CE07}.Release|Any CPU.Build.0 = Release|Any CPU
		{62684D2F-9427-4B8E-977A-BFABA3FD8FDC}.Debug|Any CPU.ActiveCfg = Debug|Any CPU
		{62684D2F-9427-4B8E-977A-BFABA3FD8FDC}.Debug|Any CPU.Build.0 = Debug|Any CPU
		{62684D2F-9427-4B8E-977A-BFABA3FD8FDC}.Release|Any CPU.ActiveCfg = Release|Any CPU
		{62684D2F-9427-4B8E-977A-BFABA3FD8FDC}.Release|Any CPU.Build.0 = Release|Any CPU
		{677DF9F1-5200-44F4-9A7D-B85E0EAF703F}.Debug|Any CPU.ActiveCfg = Debug|Any CPU
		{677DF9F1-5200-44F4-9A7D-B85E0EAF703F}.Debug|Any CPU.Build.0 = Debug|Any CPU
		{677DF9F1-5200-44F4-9A7D-B85E0EAF703F}.Release|Any CPU.ActiveCfg = Release|Any CPU
		{677DF9F1-5200-44F4-9A7D-B85E0EAF703F}.Release|Any CPU.Build.0 = Release|Any CPU
		{9BAC5892-4A46-44D2-BA9C-0551EF1995F8}.Debug|Any CPU.ActiveCfg = Debug|Any CPU
		{9BAC5892-4A46-44D2-BA9C-0551EF1995F8}.Debug|Any CPU.Build.0 = Debug|Any CPU
		{9BAC5892-4A46-44D2-BA9C-0551EF1995F8}.Release|Any CPU.ActiveCfg = Release|Any CPU
		{9BAC5892-4A46-44D2-BA9C-0551EF1995F8}.Release|Any CPU.Build.0 = Release|Any CPU
		{4CE9BBF4-974E-4162-A1EC-C6FA4667C0F0}.Debug|Any CPU.ActiveCfg = Debug|Any CPU
		{4CE9BBF4-974E-4162-A1EC-C6FA4667C0F0}.Debug|Any CPU.Build.0 = Debug|Any CPU
		{4CE9BBF4-974E-4162-A1EC-C6FA4667C0F0}.Release|Any CPU.ActiveCfg = Release|Any CPU
		{4CE9BBF4-974E-4162-A1EC-C6FA4667C0F0}.Release|Any CPU.Build.0 = Release|Any CPU
		{719B6932-9E1F-44A6-938E-CDC36BF5495F}.Debug|Any CPU.ActiveCfg = Debug|Any CPU
		{719B6932-9E1F-44A6-938E-CDC36BF5495F}.Debug|Any CPU.Build.0 = Debug|Any CPU
		{719B6932-9E1F-44A6-938E-CDC36BF5495F}.Release|Any CPU.ActiveCfg = Release|Any CPU
		{719B6932-9E1F-44A6-938E-CDC36BF5495F}.Release|Any CPU.Build.0 = Release|Any CPU
	EndGlobalSection
	GlobalSection(SolutionProperties) = preSolution
		HideSolutionNode = FALSE
	EndGlobalSection
	GlobalSection(NestedProjects) = preSolution
		{F4D565F3-A95E-4DBE-889F-80A8C1AF7FD0} = {45853BBC-857A-4922-83D5-667A91D6DE63}
		{60C02DCB-A83B-4217-B98A-B9BDB22BDBB2} = {45853BBC-857A-4922-83D5-667A91D6DE63}
		{E0257A96-6005-4EF4-9815-6889EE0EF03B} = {60C02DCB-A83B-4217-B98A-B9BDB22BDBB2}
		{E6AFABA2-0782-4C4A-9EDC-C8845C73CE07} = {22D1C51B-1587-4FDD-9AEE-33798F71FDE0}
		{62684D2F-9427-4B8E-977A-BFABA3FD8FDC} = {174A6D70-13D8-42DF-AB61-78BBBDE80FFA}
		{677DF9F1-5200-44F4-9A7D-B85E0EAF703F} = {AFEEC869-08B8-45C0-8577-691119C8D836}
		{9BAC5892-4A46-44D2-BA9C-0551EF1995F8} = {56D4FB07-CCA4-4636-8781-8FCBBED63656}
		{56D4FB07-CCA4-4636-8781-8FCBBED63656} = {CF19C9C3-5D3B-4AE8-A61C-CD0D8BA245C6}
		{5306838F-41CF-4B93-900E-1FB8ACDAC5D8} = {CF19C9C3-5D3B-4AE8-A61C-CD0D8BA245C6}
		{4CE9BBF4-974E-4162-A1EC-C6FA4667C0F0} = {5306838F-41CF-4B93-900E-1FB8ACDAC5D8}
		{719B6932-9E1F-44A6-938E-CDC36BF5495F} = {3A8F1D63-D2A2-4B2B-A329-EF37663F1FE4}
	EndGlobalSection
	GlobalSection(ExtensibilityGlobals) = postSolution
		SolutionGuid = {45EFEB3B-7522-43AB-91DE-5B9F6DC2ECEB}
	EndGlobalSection
EndGlobal
